// !$*UTF8*$!
{
	archiveVersion = 1;
	classes = {
	};
	objectVersion = 50;
	objects = {

/* Begin PBXBuildFile section */
		1703F1C9209C44D0D180A85C /* Pods_FeedProjectTests.framework in Frameworks */ = {isa = PBXBuildFile; fileRef = 6C042D98E1BC75E8588B377D /* Pods_FeedProjectTests.framework */; };
		49078F784E84246D8AF50E0C /* Pods_FeedProjectUITests.framework in Frameworks */ = {isa = PBXBuildFile; fileRef = 5C5361EBDB4138A32DF7CFBA /* Pods_FeedProjectUITests.framework */; };
		9E9ADC7CEE2C9E3B486B5D12 /* Pods_FeedProject.framework in Frameworks */ = {isa = PBXBuildFile; fileRef = BC49C29E90B265C241747C19 /* Pods_FeedProject.framework */; };
		D8398FC422D63ACB00FC8E2C /* AppDelegate.swift in Sources */ = {isa = PBXBuildFile; fileRef = D8398FC322D63ACB00FC8E2C /* AppDelegate.swift */; };
		D8398FC622D63ACB00FC8E2C /* ViewController.swift in Sources */ = {isa = PBXBuildFile; fileRef = D8398FC522D63ACB00FC8E2C /* ViewController.swift */; };
		D8398FC922D63ACB00FC8E2C /* Main.storyboard in Resources */ = {isa = PBXBuildFile; fileRef = D8398FC722D63ACB00FC8E2C /* Main.storyboard */; };
		D8398FCB22D63ACC00FC8E2C /* Assets.xcassets in Resources */ = {isa = PBXBuildFile; fileRef = D8398FCA22D63ACC00FC8E2C /* Assets.xcassets */; };
		D8398FCE22D63ACC00FC8E2C /* LaunchScreen.storyboard in Resources */ = {isa = PBXBuildFile; fileRef = D8398FCC22D63ACC00FC8E2C /* LaunchScreen.storyboard */; };
		D8398FD922D63ACC00FC8E2C /* FeedProjectTests.swift in Sources */ = {isa = PBXBuildFile; fileRef = D8398FD822D63ACC00FC8E2C /* FeedProjectTests.swift */; };
		D8398FE422D63ACC00FC8E2C /* FeedProjectUITests.swift in Sources */ = {isa = PBXBuildFile; fileRef = D8398FE322D63ACC00FC8E2C /* FeedProjectUITests.swift */; };
		D8398FF322D63CF000FC8E2C /* Post.swift in Sources */ = {isa = PBXBuildFile; fileRef = D8398FF222D63CF000FC8E2C /* Post.swift */; };
		D8398FF622D6419200FC8E2C /* Persistence.swift in Sources */ = {isa = PBXBuildFile; fileRef = D8398FF522D6419200FC8E2C /* Persistence.swift */; };
		D8398FFB22D6472A00FC8E2C /* PostTableViewCell.swift in Sources */ = {isa = PBXBuildFile; fileRef = D8398FF922D6472A00FC8E2C /* PostTableViewCell.swift */; };
		D8398FFC22D6472A00FC8E2C /* PostTableViewCell.xib in Resources */ = {isa = PBXBuildFile; fileRef = D8398FFA22D6472A00FC8E2C /* PostTableViewCell.xib */; };
/* End PBXBuildFile section */

/* Begin PBXContainerItemProxy section */
		D8398FD522D63ACC00FC8E2C /* PBXContainerItemProxy */ = {
			isa = PBXContainerItemProxy;
			containerPortal = D8398FB822D63ACB00FC8E2C /* Project object */;
			proxyType = 1;
			remoteGlobalIDString = D8398FBF22D63ACB00FC8E2C;
			remoteInfo = FeedProject;
		};
		D8398FE022D63ACC00FC8E2C /* PBXContainerItemProxy */ = {
			isa = PBXContainerItemProxy;
			containerPortal = D8398FB822D63ACB00FC8E2C /* Project object */;
			proxyType = 1;
			remoteGlobalIDString = D8398FBF22D63ACB00FC8E2C;
			remoteInfo = FeedProject;
		};
/* End PBXContainerItemProxy section */

/* Begin PBXFileReference section */
		114B058D9EA419263C6DDAAA /* Pods-FeedProjectTests.debug.xcconfig */ = {isa = PBXFileReference; includeInIndex = 1; lastKnownFileType = text.xcconfig; name = "Pods-FeedProjectTests.debug.xcconfig"; path = "Pods/Target Support Files/Pods-FeedProjectTests/Pods-FeedProjectTests.debug.xcconfig"; sourceTree = "<group>"; };
		2A3238F14575FF63C5EA45F6 /* Pods-FeedProject.debug.xcconfig */ = {isa = PBXFileReference; includeInIndex = 1; lastKnownFileType = text.xcconfig; name = "Pods-FeedProject.debug.xcconfig"; path = "Pods/Target Support Files/Pods-FeedProject/Pods-FeedProject.debug.xcconfig"; sourceTree = "<group>"; };
		4DFDDC274BB7AD3F75A8DAF0 /* Pods-FeedProjectUITests.release.xcconfig */ = {isa = PBXFileReference; includeInIndex = 1; lastKnownFileType = text.xcconfig; name = "Pods-FeedProjectUITests.release.xcconfig"; path = "Pods/Target Support Files/Pods-FeedProjectUITests/Pods-FeedProjectUITests.release.xcconfig"; sourceTree = "<group>"; };
		5C5361EBDB4138A32DF7CFBA /* Pods_FeedProjectUITests.framework */ = {isa = PBXFileReference; explicitFileType = wrapper.framework; includeInIndex = 0; path = Pods_FeedProjectUITests.framework; sourceTree = BUILT_PRODUCTS_DIR; };
		6C042D98E1BC75E8588B377D /* Pods_FeedProjectTests.framework */ = {isa = PBXFileReference; explicitFileType = wrapper.framework; includeInIndex = 0; path = Pods_FeedProjectTests.framework; sourceTree = BUILT_PRODUCTS_DIR; };
		6FCBC85C8576A6067C8A5526 /* Pods-FeedProject.release.xcconfig */ = {isa = PBXFileReference; includeInIndex = 1; lastKnownFileType = text.xcconfig; name = "Pods-FeedProject.release.xcconfig"; path = "Pods/Target Support Files/Pods-FeedProject/Pods-FeedProject.release.xcconfig"; sourceTree = "<group>"; };
		B4678EAFAC9743B54086A47D /* Pods-FeedProjectTests.release.xcconfig */ = {isa = PBXFileReference; includeInIndex = 1; lastKnownFileType = text.xcconfig; name = "Pods-FeedProjectTests.release.xcconfig"; path = "Pods/Target Support Files/Pods-FeedProjectTests/Pods-FeedProjectTests.release.xcconfig"; sourceTree = "<group>"; };
		BC49C29E90B265C241747C19 /* Pods_FeedProject.framework */ = {isa = PBXFileReference; explicitFileType = wrapper.framework; includeInIndex = 0; path = Pods_FeedProject.framework; sourceTree = BUILT_PRODUCTS_DIR; };
		D8398FC022D63ACB00FC8E2C /* FeedProject.app */ = {isa = PBXFileReference; explicitFileType = wrapper.application; includeInIndex = 0; path = FeedProject.app; sourceTree = BUILT_PRODUCTS_DIR; };
		D8398FC322D63ACB00FC8E2C /* AppDelegate.swift */ = {isa = PBXFileReference; lastKnownFileType = sourcecode.swift; path = AppDelegate.swift; sourceTree = "<group>"; };
		D8398FC522D63ACB00FC8E2C /* ViewController.swift */ = {isa = PBXFileReference; lastKnownFileType = sourcecode.swift; path = ViewController.swift; sourceTree = "<group>"; };
		D8398FC822D63ACB00FC8E2C /* Base */ = {isa = PBXFileReference; lastKnownFileType = file.storyboard; name = Base; path = Base.lproj/Main.storyboard; sourceTree = "<group>"; };
		D8398FCA22D63ACC00FC8E2C /* Assets.xcassets */ = {isa = PBXFileReference; lastKnownFileType = folder.assetcatalog; path = Assets.xcassets; sourceTree = "<group>"; };
		D8398FCD22D63ACC00FC8E2C /* Base */ = {isa = PBXFileReference; lastKnownFileType = file.storyboard; name = Base; path = Base.lproj/LaunchScreen.storyboard; sourceTree = "<group>"; };
		D8398FCF22D63ACC00FC8E2C /* Info.plist */ = {isa = PBXFileReference; lastKnownFileType = text.plist.xml; path = Info.plist; sourceTree = "<group>"; };
		D8398FD422D63ACC00FC8E2C /* FeedProjectTests.xctest */ = {isa = PBXFileReference; explicitFileType = wrapper.cfbundle; includeInIndex = 0; path = FeedProjectTests.xctest; sourceTree = BUILT_PRODUCTS_DIR; };
		D8398FD822D63ACC00FC8E2C /* FeedProjectTests.swift */ = {isa = PBXFileReference; lastKnownFileType = sourcecode.swift; path = FeedProjectTests.swift; sourceTree = "<group>"; };
		D8398FDA22D63ACC00FC8E2C /* Info.plist */ = {isa = PBXFileReference; lastKnownFileType = text.plist.xml; path = Info.plist; sourceTree = "<group>"; };
		D8398FDF22D63ACC00FC8E2C /* FeedProjectUITests.xctest */ = {isa = PBXFileReference; explicitFileType = wrapper.cfbundle; includeInIndex = 0; path = FeedProjectUITests.xctest; sourceTree = BUILT_PRODUCTS_DIR; };
		D8398FE322D63ACC00FC8E2C /* FeedProjectUITests.swift */ = {isa = PBXFileReference; lastKnownFileType = sourcecode.swift; path = FeedProjectUITests.swift; sourceTree = "<group>"; };
		D8398FE522D63ACC00FC8E2C /* Info.plist */ = {isa = PBXFileReference; lastKnownFileType = text.plist.xml; path = Info.plist; sourceTree = "<group>"; };
		D8398FF222D63CF000FC8E2C /* Post.swift */ = {isa = PBXFileReference; lastKnownFileType = sourcecode.swift; path = Post.swift; sourceTree = "<group>"; };
		D8398FF522D6419200FC8E2C /* Persistence.swift */ = {isa = PBXFileReference; lastKnownFileType = sourcecode.swift; path = Persistence.swift; sourceTree = "<group>"; };
		D8398FF922D6472A00FC8E2C /* PostTableViewCell.swift */ = {isa = PBXFileReference; lastKnownFileType = sourcecode.swift; path = PostTableViewCell.swift; sourceTree = "<group>"; };
		D8398FFA22D6472A00FC8E2C /* PostTableViewCell.xib */ = {isa = PBXFileReference; lastKnownFileType = file.xib; path = PostTableViewCell.xib; sourceTree = "<group>"; };
		E3A83279CDBF3A766E3F9147 /* Pods-FeedProjectUITests.debug.xcconfig */ = {isa = PBXFileReference; includeInIndex = 1; lastKnownFileType = text.xcconfig; name = "Pods-FeedProjectUITests.debug.xcconfig"; path = "Pods/Target Support Files/Pods-FeedProjectUITests/Pods-FeedProjectUITests.debug.xcconfig"; sourceTree = "<group>"; };
/* End PBXFileReference section */

/* Begin PBXFrameworksBuildPhase section */
		D8398FBD22D63ACB00FC8E2C /* Frameworks */ = {
			isa = PBXFrameworksBuildPhase;
			buildActionMask = 2147483647;
			files = (
				9E9ADC7CEE2C9E3B486B5D12 /* Pods_FeedProject.framework in Frameworks */,
			);
			runOnlyForDeploymentPostprocessing = 0;
		};
		D8398FD122D63ACC00FC8E2C /* Frameworks */ = {
			isa = PBXFrameworksBuildPhase;
			buildActionMask = 2147483647;
			files = (
				1703F1C9209C44D0D180A85C /* Pods_FeedProjectTests.framework in Frameworks */,
			);
			runOnlyForDeploymentPostprocessing = 0;
		};
		D8398FDC22D63ACC00FC8E2C /* Frameworks */ = {
			isa = PBXFrameworksBuildPhase;
			buildActionMask = 2147483647;
			files = (
				49078F784E84246D8AF50E0C /* Pods_FeedProjectUITests.framework in Frameworks */,
			);
			runOnlyForDeploymentPostprocessing = 0;
		};
/* End PBXFrameworksBuildPhase section */

/* Begin PBXGroup section */
		221A9824A6C76C17E762BD4B /* Pods */ = {
			isa = PBXGroup;
			children = (
				2A3238F14575FF63C5EA45F6 /* Pods-FeedProject.debug.xcconfig */,
				6FCBC85C8576A6067C8A5526 /* Pods-FeedProject.release.xcconfig */,
				114B058D9EA419263C6DDAAA /* Pods-FeedProjectTests.debug.xcconfig */,
				B4678EAFAC9743B54086A47D /* Pods-FeedProjectTests.release.xcconfig */,
				E3A83279CDBF3A766E3F9147 /* Pods-FeedProjectUITests.debug.xcconfig */,
				4DFDDC274BB7AD3F75A8DAF0 /* Pods-FeedProjectUITests.release.xcconfig */,
			);
			name = Pods;
			sourceTree = "<group>";
		};
		9128BABC47A71E08BAE28A3A /* Frameworks */ = {
			isa = PBXGroup;
			children = (
				BC49C29E90B265C241747C19 /* Pods_FeedProject.framework */,
				6C042D98E1BC75E8588B377D /* Pods_FeedProjectTests.framework */,
				5C5361EBDB4138A32DF7CFBA /* Pods_FeedProjectUITests.framework */,
			);
			name = Frameworks;
			sourceTree = "<group>";
		};
		D8398FB722D63ACB00FC8E2C = {
			isa = PBXGroup;
			children = (
				D8398FC222D63ACB00FC8E2C /* FeedProject */,
				D8398FD722D63ACC00FC8E2C /* FeedProjectTests */,
				D8398FE222D63ACC00FC8E2C /* FeedProjectUITests */,
				D8398FC122D63ACB00FC8E2C /* Products */,
				221A9824A6C76C17E762BD4B /* Pods */,
				9128BABC47A71E08BAE28A3A /* Frameworks */,
			);
			sourceTree = "<group>";
		};
		D8398FC122D63ACB00FC8E2C /* Products */ = {
			isa = PBXGroup;
			children = (
				D8398FC022D63ACB00FC8E2C /* FeedProject.app */,
				D8398FD422D63ACC00FC8E2C /* FeedProjectTests.xctest */,
				D8398FDF22D63ACC00FC8E2C /* FeedProjectUITests.xctest */,
			);
			name = Products;
			sourceTree = "<group>";
		};
		D8398FC222D63ACB00FC8E2C /* FeedProject */ = {
			isa = PBXGroup;
			children = (
				D8398FF822D646FF00FC8E2C /* utils */,
				D8398FF722D646FA00FC8E2C /* views */,
				D8398FF122D63CD300FC8E2C /* Models */,
				D8398FC322D63ACB00FC8E2C /* AppDelegate.swift */,
				D8398FC522D63ACB00FC8E2C /* ViewController.swift */,
				D8398FC722D63ACB00FC8E2C /* Main.storyboard */,
				D8398FCA22D63ACC00FC8E2C /* Assets.xcassets */,
				D8398FCC22D63ACC00FC8E2C /* LaunchScreen.storyboard */,
				D8398FCF22D63ACC00FC8E2C /* Info.plist */,
			);
			path = FeedProject;
			sourceTree = "<group>";
		};
		D8398FD722D63ACC00FC8E2C /* FeedProjectTests */ = {
			isa = PBXGroup;
			children = (
				D8398FD822D63ACC00FC8E2C /* FeedProjectTests.swift */,
				D8398FDA22D63ACC00FC8E2C /* Info.plist */,
			);
			path = FeedProjectTests;
			sourceTree = "<group>";
		};
		D8398FE222D63ACC00FC8E2C /* FeedProjectUITests */ = {
			isa = PBXGroup;
			children = (
				D8398FE322D63ACC00FC8E2C /* FeedProjectUITests.swift */,
				D8398FE522D63ACC00FC8E2C /* Info.plist */,
			);
			path = FeedProjectUITests;
			sourceTree = "<group>";
		};
		D8398FF122D63CD300FC8E2C /* Models */ = {
			isa = PBXGroup;
			children = (
				D8398FF222D63CF000FC8E2C /* Post.swift */,
			);
			path = Models;
			sourceTree = "<group>";
		};
		D8398FF722D646FA00FC8E2C /* views */ = {
			isa = PBXGroup;
			children = (
				D8398FF922D6472A00FC8E2C /* PostTableViewCell.swift */,
				D8398FFA22D6472A00FC8E2C /* PostTableViewCell.xib */,
			);
			path = views;
			sourceTree = "<group>";
		};
		D8398FF822D646FF00FC8E2C /* utils */ = {
			isa = PBXGroup;
			children = (
				D8398FF522D6419200FC8E2C /* Persistence.swift */,
			);
			path = utils;
			sourceTree = "<group>";
		};
/* End PBXGroup section */

/* Begin PBXNativeTarget section */
		D8398FBF22D63ACB00FC8E2C /* FeedProject */ = {
			isa = PBXNativeTarget;
			buildConfigurationList = D8398FE822D63ACC00FC8E2C /* Build configuration list for PBXNativeTarget "FeedProject" */;
			buildPhases = (
				67C9A7132AB8F5DD1E47E23D /* [CP] Check Pods Manifest.lock */,
				D8398FBC22D63ACB00FC8E2C /* Sources */,
				D8398FBD22D63ACB00FC8E2C /* Frameworks */,
				D8398FBE22D63ACB00FC8E2C /* Resources */,
				E3A9BBB08EDD1D7E709DAE08 /* [CP] Embed Pods Frameworks */,
			);
			buildRules = (
			);
			dependencies = (
			);
			name = FeedProject;
			productName = FeedProject;
			productReference = D8398FC022D63ACB00FC8E2C /* FeedProject.app */;
			productType = "com.apple.product-type.application";
		};
		D8398FD322D63ACC00FC8E2C /* FeedProjectTests */ = {
			isa = PBXNativeTarget;
			buildConfigurationList = D8398FEB22D63ACC00FC8E2C /* Build configuration list for PBXNativeTarget "FeedProjectTests" */;
			buildPhases = (
				14146C18758DD435D25AFBF8 /* [CP] Check Pods Manifest.lock */,
				D8398FD022D63ACC00FC8E2C /* Sources */,
				D8398FD122D63ACC00FC8E2C /* Frameworks */,
				D8398FD222D63ACC00FC8E2C /* Resources */,
			);
			buildRules = (
			);
			dependencies = (
				D8398FD622D63ACC00FC8E2C /* PBXTargetDependency */,
			);
			name = FeedProjectTests;
			productName = FeedProjectTests;
			productReference = D8398FD422D63ACC00FC8E2C /* FeedProjectTests.xctest */;
			productType = "com.apple.product-type.bundle.unit-test";
		};
		D8398FDE22D63ACC00FC8E2C /* FeedProjectUITests */ = {
			isa = PBXNativeTarget;
			buildConfigurationList = D8398FEE22D63ACC00FC8E2C /* Build configuration list for PBXNativeTarget "FeedProjectUITests" */;
			buildPhases = (
				3B8B47E0236B669E34AB21A2 /* [CP] Check Pods Manifest.lock */,
				D8398FDB22D63ACC00FC8E2C /* Sources */,
				D8398FDC22D63ACC00FC8E2C /* Frameworks */,
				D8398FDD22D63ACC00FC8E2C /* Resources */,
			);
			buildRules = (
			);
			dependencies = (
				D8398FE122D63ACC00FC8E2C /* PBXTargetDependency */,
			);
			name = FeedProjectUITests;
			productName = FeedProjectUITests;
			productReference = D8398FDF22D63ACC00FC8E2C /* FeedProjectUITests.xctest */;
			productType = "com.apple.product-type.bundle.ui-testing";
		};
/* End PBXNativeTarget section */

/* Begin PBXProject section */
		D8398FB822D63ACB00FC8E2C /* Project object */ = {
			isa = PBXProject;
			attributes = {
				LastSwiftUpdateCheck = 1020;
				LastUpgradeCheck = 1020;
				ORGANIZATIONNAME = Juanelo;
				TargetAttributes = {
					D8398FBF22D63ACB00FC8E2C = {
						CreatedOnToolsVersion = 10.2.1;
					};
					D8398FD322D63ACC00FC8E2C = {
						CreatedOnToolsVersion = 10.2.1;
						TestTargetID = D8398FBF22D63ACB00FC8E2C;
					};
					D8398FDE22D63ACC00FC8E2C = {
						CreatedOnToolsVersion = 10.2.1;
						TestTargetID = D8398FBF22D63ACB00FC8E2C;
					};
				};
			};
			buildConfigurationList = D8398FBB22D63ACB00FC8E2C /* Build configuration list for PBXProject "FeedProject" */;
			compatibilityVersion = "Xcode 9.3";
			developmentRegion = en;
			hasScannedForEncodings = 0;
			knownRegions = (
				en,
				Base,
			);
			mainGroup = D8398FB722D63ACB00FC8E2C;
			productRefGroup = D8398FC122D63ACB00FC8E2C /* Products */;
			projectDirPath = "";
			projectRoot = "";
			targets = (
				D8398FBF22D63ACB00FC8E2C /* FeedProject */,
				D8398FD322D63ACC00FC8E2C /* FeedProjectTests */,
				D8398FDE22D63ACC00FC8E2C /* FeedProjectUITests */,
			);
		};
/* End PBXProject section */

/* Begin PBXResourcesBuildPhase section */
		D8398FBE22D63ACB00FC8E2C /* Resources */ = {
			isa = PBXResourcesBuildPhase;
			buildActionMask = 2147483647;
			files = (
				D8398FCE22D63ACC00FC8E2C /* LaunchScreen.storyboard in Resources */,
				D8398FCB22D63ACC00FC8E2C /* Assets.xcassets in Resources */,
				D8398FC922D63ACB00FC8E2C /* Main.storyboard in Resources */,
				D8398FFC22D6472A00FC8E2C /* PostTableViewCell.xib in Resources */,
			);
			runOnlyForDeploymentPostprocessing = 0;
		};
		D8398FD222D63ACC00FC8E2C /* Resources */ = {
			isa = PBXResourcesBuildPhase;
			buildActionMask = 2147483647;
			files = (
			);
			runOnlyForDeploymentPostprocessing = 0;
		};
		D8398FDD22D63ACC00FC8E2C /* Resources */ = {
			isa = PBXResourcesBuildPhase;
			buildActionMask = 2147483647;
			files = (
			);
			runOnlyForDeploymentPostprocessing = 0;
		};
/* End PBXResourcesBuildPhase section */

/* Begin PBXShellScriptBuildPhase section */
		14146C18758DD435D25AFBF8 /* [CP] Check Pods Manifest.lock */ = {
			isa = PBXShellScriptBuildPhase;
			buildActionMask = 2147483647;
			files = (
			);
			inputFileListPaths = (
			);
			inputPaths = (
				"${PODS_PODFILE_DIR_PATH}/Podfile.lock",
				"${PODS_ROOT}/Manifest.lock",
			);
			name = "[CP] Check Pods Manifest.lock";
			outputFileListPaths = (
			);
			outputPaths = (
				"$(DERIVED_FILE_DIR)/Pods-FeedProjectTests-checkManifestLockResult.txt",
			);
			runOnlyForDeploymentPostprocessing = 0;
			shellPath = /bin/sh;
			shellScript = "diff \"${PODS_PODFILE_DIR_PATH}/Podfile.lock\" \"${PODS_ROOT}/Manifest.lock\" > /dev/null\nif [ $? != 0 ] ; then\n    # print error to STDERR\n    echo \"error: The sandbox is not in sync with the Podfile.lock. Run 'pod install' or update your CocoaPods installation.\" >&2\n    exit 1\nfi\n# This output is used by Xcode 'outputs' to avoid re-running this script phase.\necho \"SUCCESS\" > \"${SCRIPT_OUTPUT_FILE_0}\"\n";
			showEnvVarsInLog = 0;
		};
		3B8B47E0236B669E34AB21A2 /* [CP] Check Pods Manifest.lock */ = {
			isa = PBXShellScriptBuildPhase;
			buildActionMask = 2147483647;
			files = (
			);
			inputFileListPaths = (
			);
			inputPaths = (
				"${PODS_PODFILE_DIR_PATH}/Podfile.lock",
				"${PODS_ROOT}/Manifest.lock",
			);
			name = "[CP] Check Pods Manifest.lock";
			outputFileListPaths = (
			);
			outputPaths = (
				"$(DERIVED_FILE_DIR)/Pods-FeedProjectUITests-checkManifestLockResult.txt",
			);
			runOnlyForDeploymentPostprocessing = 0;
			shellPath = /bin/sh;
			shellScript = "diff \"${PODS_PODFILE_DIR_PATH}/Podfile.lock\" \"${PODS_ROOT}/Manifest.lock\" > /dev/null\nif [ $? != 0 ] ; then\n    # print error to STDERR\n    echo \"error: The sandbox is not in sync with the Podfile.lock. Run 'pod install' or update your CocoaPods installation.\" >&2\n    exit 1\nfi\n# This output is used by Xcode 'outputs' to avoid re-running this script phase.\necho \"SUCCESS\" > \"${SCRIPT_OUTPUT_FILE_0}\"\n";
			showEnvVarsInLog = 0;
		};
		67C9A7132AB8F5DD1E47E23D /* [CP] Check Pods Manifest.lock */ = {
			isa = PBXShellScriptBuildPhase;
			buildActionMask = 2147483647;
			files = (
			);
			inputFileListPaths = (
			);
			inputPaths = (
				"${PODS_PODFILE_DIR_PATH}/Podfile.lock",
				"${PODS_ROOT}/Manifest.lock",
			);
			name = "[CP] Check Pods Manifest.lock";
			outputFileListPaths = (
			);
			outputPaths = (
				"$(DERIVED_FILE_DIR)/Pods-FeedProject-checkManifestLockResult.txt",
			);
			runOnlyForDeploymentPostprocessing = 0;
			shellPath = /bin/sh;
			shellScript = "diff \"${PODS_PODFILE_DIR_PATH}/Podfile.lock\" \"${PODS_ROOT}/Manifest.lock\" > /dev/null\nif [ $? != 0 ] ; then\n    # print error to STDERR\n    echo \"error: The sandbox is not in sync with the Podfile.lock. Run 'pod install' or update your CocoaPods installation.\" >&2\n    exit 1\nfi\n# This output is used by Xcode 'outputs' to avoid re-running this script phase.\necho \"SUCCESS\" > \"${SCRIPT_OUTPUT_FILE_0}\"\n";
			showEnvVarsInLog = 0;
		};
		E3A9BBB08EDD1D7E709DAE08 /* [CP] Embed Pods Frameworks */ = {
			isa = PBXShellScriptBuildPhase;
			buildActionMask = 2147483647;
			files = (
			);
			inputFileListPaths = (
			);
			inputPaths = (
				"${SRCROOT}/Pods/Target Support Files/Pods-FeedProject/Pods-FeedProject-frameworks.sh",
				"${BUILT_PRODUCTS_DIR}/Alamofire/Alamofire.framework",
				"${BUILT_PRODUCTS_DIR}/SwiftyJSON/SwiftyJSON.framework",
			);
			name = "[CP] Embed Pods Frameworks";
			outputFileListPaths = (
			);
			outputPaths = (
				"${TARGET_BUILD_DIR}/${FRAMEWORKS_FOLDER_PATH}/Alamofire.framework",
				"${TARGET_BUILD_DIR}/${FRAMEWORKS_FOLDER_PATH}/SwiftyJSON.framework",
			);
			runOnlyForDeploymentPostprocessing = 0;
			shellPath = /bin/sh;
			shellScript = "\"${SRCROOT}/Pods/Target Support Files/Pods-FeedProject/Pods-FeedProject-frameworks.sh\"\n";
			showEnvVarsInLog = 0;
		};
/* End PBXShellScriptBuildPhase section */

/* Begin PBXSourcesBuildPhase section */
		D8398FBC22D63ACB00FC8E2C /* Sources */ = {
			isa = PBXSourcesBuildPhase;
			buildActionMask = 2147483647;
			files = (
				D8398FF322D63CF000FC8E2C /* Post.swift in Sources */,
				D8398FF622D6419200FC8E2C /* Persistence.swift in Sources */,
				D8398FFB22D6472A00FC8E2C /* PostTableViewCell.swift in Sources */,
				D8398FC622D63ACB00FC8E2C /* ViewController.swift in Sources */,
				D8398FC422D63ACB00FC8E2C /* AppDelegate.swift in Sources */,
			);
			runOnlyForDeploymentPostprocessing = 0;
		};
		D8398FD022D63ACC00FC8E2C /* Sources */ = {
			isa = PBXSourcesBuildPhase;
			buildActionMask = 2147483647;
			files = (
				D8398FD922D63ACC00FC8E2C /* FeedProjectTests.swift in Sources */,
			);
			runOnlyForDeploymentPostprocessing = 0;
		};
		D8398FDB22D63ACC00FC8E2C /* Sources */ = {
			isa = PBXSourcesBuildPhase;
			buildActionMask = 2147483647;
			files = (
				D8398FE422D63ACC00FC8E2C /* FeedProjectUITests.swift in Sources */,
			);
			runOnlyForDeploymentPostprocessing = 0;
		};
/* End PBXSourcesBuildPhase section */

/* Begin PBXTargetDependency section */
		D8398FD622D63ACC00FC8E2C /* PBXTargetDependency */ = {
			isa = PBXTargetDependency;
			target = D8398FBF22D63ACB00FC8E2C /* FeedProject */;
			targetProxy = D8398FD522D63ACC00FC8E2C /* PBXContainerItemProxy */;
		};
		D8398FE122D63ACC00FC8E2C /* PBXTargetDependency */ = {
			isa = PBXTargetDependency;
			target = D8398FBF22D63ACB00FC8E2C /* FeedProject */;
			targetProxy = D8398FE022D63ACC00FC8E2C /* PBXContainerItemProxy */;
		};
/* End PBXTargetDependency section */

/* Begin PBXVariantGroup section */
		D8398FC722D63ACB00FC8E2C /* Main.storyboard */ = {
			isa = PBXVariantGroup;
			children = (
				D8398FC822D63ACB00FC8E2C /* Base */,
			);
			name = Main.storyboard;
			sourceTree = "<group>";
		};
		D8398FCC22D63ACC00FC8E2C /* LaunchScreen.storyboard */ = {
			isa = PBXVariantGroup;
			children = (
				D8398FCD22D63ACC00FC8E2C /* Base */,
			);
			name = LaunchScreen.storyboard;
			sourceTree = "<group>";
		};
/* End PBXVariantGroup section */

/* Begin XCBuildConfiguration section */
		D8398FE622D63ACC00FC8E2C /* Debug */ = {
			isa = XCBuildConfiguration;
			buildSettings = {
				ALWAYS_SEARCH_USER_PATHS = NO;
				CLANG_ANALYZER_NONNULL = YES;
				CLANG_ANALYZER_NUMBER_OBJECT_CONVERSION = YES_AGGRESSIVE;
				CLANG_CXX_LANGUAGE_STANDARD = "gnu++14";
				CLANG_CXX_LIBRARY = "libc++";
				CLANG_ENABLE_MODULES = YES;
				CLANG_ENABLE_OBJC_ARC = YES;
				CLANG_ENABLE_OBJC_WEAK = YES;
				CLANG_WARN_BLOCK_CAPTURE_AUTORELEASING = YES;
				CLANG_WARN_BOOL_CONVERSION = YES;
				CLANG_WARN_COMMA = YES;
				CLANG_WARN_CONSTANT_CONVERSION = YES;
				CLANG_WARN_DEPRECATED_OBJC_IMPLEMENTATIONS = YES;
				CLANG_WARN_DIRECT_OBJC_ISA_USAGE = YES_ERROR;
				CLANG_WARN_DOCUMENTATION_COMMENTS = YES;
				CLANG_WARN_EMPTY_BODY = YES;
				CLANG_WARN_ENUM_CONVERSION = YES;
				CLANG_WARN_INFINITE_RECURSION = YES;
				CLANG_WARN_INT_CONVERSION = YES;
				CLANG_WARN_NON_LITERAL_NULL_CONVERSION = YES;
				CLANG_WARN_OBJC_IMPLICIT_RETAIN_SELF = YES;
				CLANG_WARN_OBJC_LITERAL_CONVERSION = YES;
				CLANG_WARN_OBJC_ROOT_CLASS = YES_ERROR;
				CLANG_WARN_RANGE_LOOP_ANALYSIS = YES;
				CLANG_WARN_STRICT_PROTOTYPES = YES;
				CLANG_WARN_SUSPICIOUS_MOVE = YES;
				CLANG_WARN_UNGUARDED_AVAILABILITY = YES_AGGRESSIVE;
				CLANG_WARN_UNREACHABLE_CODE = YES;
				CLANG_WARN__DUPLICATE_METHOD_MATCH = YES;
				CODE_SIGN_IDENTITY = "iPhone Developer";
				COPY_PHASE_STRIP = NO;
				DEBUG_INFORMATION_FORMAT = dwarf;
				ENABLE_STRICT_OBJC_MSGSEND = YES;
				ENABLE_TESTABILITY = YES;
				GCC_C_LANGUAGE_STANDARD = gnu11;
				GCC_DYNAMIC_NO_PIC = NO;
				GCC_NO_COMMON_BLOCKS = YES;
				GCC_OPTIMIZATION_LEVEL = 0;
				GCC_PREPROCESSOR_DEFINITIONS = (
					"DEBUG=1",
					"$(inherited)",
				);
				GCC_WARN_64_TO_32_BIT_CONVERSION = YES;
				GCC_WARN_ABOUT_RETURN_TYPE = YES_ERROR;
				GCC_WARN_UNDECLARED_SELECTOR = YES;
				GCC_WARN_UNINITIALIZED_AUTOS = YES_AGGRESSIVE;
				GCC_WARN_UNUSED_FUNCTION = YES;
				GCC_WARN_UNUSED_VARIABLE = YES;
				IPHONEOS_DEPLOYMENT_TARGET = 12.2;
				MTL_ENABLE_DEBUG_INFO = INCLUDE_SOURCE;
				MTL_FAST_MATH = YES;
				ONLY_ACTIVE_ARCH = YES;
				SDKROOT = iphoneos;
				SWIFT_ACTIVE_COMPILATION_CONDITIONS = DEBUG;
				SWIFT_OPTIMIZATION_LEVEL = "-Onone";
			};
			name = Debug;
		};
		D8398FE722D63ACC00FC8E2C /* Release */ = {
			isa = XCBuildConfiguration;
			buildSettings = {
				ALWAYS_SEARCH_USER_PATHS = NO;
				CLANG_ANALYZER_NONNULL = YES;
				CLANG_ANALYZER_NUMBER_OBJECT_CONVERSION = YES_AGGRESSIVE;
				CLANG_CXX_LANGUAGE_STANDARD = "gnu++14";
				CLANG_CXX_LIBRARY = "libc++";
				CLANG_ENABLE_MODULES = YES;
				CLANG_ENABLE_OBJC_ARC = YES;
				CLANG_ENABLE_OBJC_WEAK = YES;
				CLANG_WARN_BLOCK_CAPTURE_AUTORELEASING = YES;
				CLANG_WARN_BOOL_CONVERSION = YES;
				CLANG_WARN_COMMA = YES;
				CLANG_WARN_CONSTANT_CONVERSION = YES;
				CLANG_WARN_DEPRECATED_OBJC_IMPLEMENTATIONS = YES;
				CLANG_WARN_DIRECT_OBJC_ISA_USAGE = YES_ERROR;
				CLANG_WARN_DOCUMENTATION_COMMENTS = YES;
				CLANG_WARN_EMPTY_BODY = YES;
				CLANG_WARN_ENUM_CONVERSION = YES;
				CLANG_WARN_INFINITE_RECURSION = YES;
				CLANG_WARN_INT_CONVERSION = YES;
				CLANG_WARN_NON_LITERAL_NULL_CONVERSION = YES;
				CLANG_WARN_OBJC_IMPLICIT_RETAIN_SELF = YES;
				CLANG_WARN_OBJC_LITERAL_CONVERSION = YES;
				CLANG_WARN_OBJC_ROOT_CLASS = YES_ERROR;
				CLANG_WARN_RANGE_LOOP_ANALYSIS = YES;
				CLANG_WARN_STRICT_PROTOTYPES = YES;
				CLANG_WARN_SUSPICIOUS_MOVE = YES;
				CLANG_WARN_UNGUARDED_AVAILABILITY = YES_AGGRESSIVE;
				CLANG_WARN_UNREACHABLE_CODE = YES;
				CLANG_WARN__DUPLICATE_METHOD_MATCH = YES;
				CODE_SIGN_IDENTITY = "iPhone Developer";
				COPY_PHASE_STRIP = NO;
				DEBUG_INFORMATION_FORMAT = "dwarf-with-dsym";
				ENABLE_NS_ASSERTIONS = NO;
				ENABLE_STRICT_OBJC_MSGSEND = YES;
				GCC_C_LANGUAGE_STANDARD = gnu11;
				GCC_NO_COMMON_BLOCKS = YES;
				GCC_WARN_64_TO_32_BIT_CONVERSION = YES;
				GCC_WARN_ABOUT_RETURN_TYPE = YES_ERROR;
				GCC_WARN_UNDECLARED_SELECTOR = YES;
				GCC_WARN_UNINITIALIZED_AUTOS = YES_AGGRESSIVE;
				GCC_WARN_UNUSED_FUNCTION = YES;
				GCC_WARN_UNUSED_VARIABLE = YES;
				IPHONEOS_DEPLOYMENT_TARGET = 12.2;
				MTL_ENABLE_DEBUG_INFO = NO;
				MTL_FAST_MATH = YES;
				SDKROOT = iphoneos;
				SWIFT_COMPILATION_MODE = wholemodule;
				SWIFT_OPTIMIZATION_LEVEL = "-O";
				VALIDATE_PRODUCT = YES;
			};
			name = Release;
		};
		D8398FE922D63ACC00FC8E2C /* Debug */ = {
			isa = XCBuildConfiguration;
			baseConfigurationReference = 2A3238F14575FF63C5EA45F6 /* Pods-FeedProject.debug.xcconfig */;
			buildSettings = {
				ASSETCATALOG_COMPILER_APPICON_NAME = AppIcon;
				CODE_SIGN_STYLE = Automatic;
				DEVELOPMENT_TEAM = 4BY3A9X7HV;
				INFOPLIST_FILE = FeedProject/Info.plist;
				LD_RUNPATH_SEARCH_PATHS = (
					"$(inherited)",
					"@executable_path/Frameworks",
				);
				PRODUCT_BUNDLE_IDENTIFIER = com.gorillalogic.FeedProject;
				PRODUCT_NAME = "$(TARGET_NAME)";
				SWIFT_VERSION = 4.2;
				TARGETED_DEVICE_FAMILY = "1,2";
			};
			name = Debug;
		};
		D8398FEA22D63ACC00FC8E2C /* Release */ = {
			isa = XCBuildConfiguration;
			baseConfigurationReference = 6FCBC85C8576A6067C8A5526 /* Pods-FeedProject.release.xcconfig */;
			buildSettings = {
				ASSETCATALOG_COMPILER_APPICON_NAME = AppIcon;
				CODE_SIGN_STYLE = Automatic;
				DEVELOPMENT_TEAM = 4BY3A9X7HV;
				INFOPLIST_FILE = FeedProject/Info.plist;
				LD_RUNPATH_SEARCH_PATHS = (
					"$(inherited)",
					"@executable_path/Frameworks",
				);
				PRODUCT_BUNDLE_IDENTIFIER = com.gorillalogic.FeedProject;
				PRODUCT_NAME = "$(TARGET_NAME)";
				SWIFT_VERSION = 4.2;
				TARGETED_DEVICE_FAMILY = "1,2";
			};
			name = Release;
		};
		D8398FEC22D63ACC00FC8E2C /* Debug */ = {
			isa = XCBuildConfiguration;
			baseConfigurationReference = 114B058D9EA419263C6DDAAA /* Pods-FeedProjectTests.debug.xcconfig */;
			buildSettings = {
				ALWAYS_EMBED_SWIFT_STANDARD_LIBRARIES = YES;
				BUNDLE_LOADER = "$(TEST_HOST)";
				CODE_SIGN_STYLE = Automatic;
				INFOPLIST_FILE = FeedProjectTests/Info.plist;
				LD_RUNPATH_SEARCH_PATHS = (
					"$(inherited)",
					"@executable_path/Frameworks",
					"@loader_path/Frameworks",
				);
				PRODUCT_BUNDLE_IDENTIFIER = com.gorillalogic.FeedProjectTests;
				PRODUCT_NAME = "$(TARGET_NAME)";
				SWIFT_VERSION = 5.0;
				TARGETED_DEVICE_FAMILY = "1,2";
				TEST_HOST = "$(BUILT_PRODUCTS_DIR)/FeedProject.app/FeedProject";
			};
			name = Debug;
		};
		D8398FED22D63ACC00FC8E2C /* Release */ = {
			isa = XCBuildConfiguration;
			baseConfigurationReference = B4678EAFAC9743B54086A47D /* Pods-FeedProjectTests.release.xcconfig */;
			buildSettings = {
				ALWAYS_EMBED_SWIFT_STANDARD_LIBRARIES = YES;
				BUNDLE_LOADER = "$(TEST_HOST)";
				CODE_SIGN_STYLE = Automatic;
				INFOPLIST_FILE = FeedProjectTests/Info.plist;
				LD_RUNPATH_SEARCH_PATHS = (
					"$(inherited)",
					"@executable_path/Frameworks",
					"@loader_path/Frameworks",
				);
				PRODUCT_BUNDLE_IDENTIFIER = com.gorillalogic.FeedProjectTests;
				PRODUCT_NAME = "$(TARGET_NAME)";
				SWIFT_VERSION = 5.0;
				TARGETED_DEVICE_FAMILY = "1,2";
				TEST_HOST = "$(BUILT_PRODUCTS_DIR)/FeedProject.app/FeedProject";
			};
			name = Release;
		};
		D8398FEF22D63ACC00FC8E2C /* Debug */ = {
			isa = XCBuildConfiguration;
			baseConfigurationReference = E3A83279CDBF3A766E3F9147 /* Pods-FeedProjectUITests.debug.xcconfig */;
			buildSettings = {
				ALWAYS_EMBED_SWIFT_STANDARD_LIBRARIES = YES;
				CODE_SIGN_STYLE = Automatic;
				INFOPLIST_FILE = FeedProjectUITests/Info.plist;
				LD_RUNPATH_SEARCH_PATHS = (
					"$(inherited)",
					"@executable_path/Frameworks",
					"@loader_path/Frameworks",
				);
				PRODUCT_BUNDLE_IDENTIFIER = com.gorillalogic.FeedProjectUITests;
				PRODUCT_NAME = "$(TARGET_NAME)";
				SWIFT_VERSION = 5.0;
				TARGETED_DEVICE_FAMILY = "1,2";
				TEST_TARGET_NAME = FeedProject;
			};
			name = Debug;
		};
		D8398FF022D63ACC00FC8E2C /* Release */ = {
			isa = XCBuildConfiguration;
			baseConfigurationReference = 4DFDDC274BB7AD3F75A8DAF0 /* Pods-FeedProjectUITests.release.xcconfig */;
			buildSettings = {
				ALWAYS_EMBED_SWIFT_STANDARD_LIBRARIES = YES;
				CODE_SIGN_STYLE = Automatic;
				INFOPLIST_FILE = FeedProjectUITests/Info.plist;
				LD_RUNPATH_SEARCH_PATHS = (
					"$(inherited)",
					"@executable_path/Frameworks",
					"@loader_path/Frameworks",
				);
				PRODUCT_BUNDLE_IDENTIFIER = com.gorillalogic.FeedProjectUITests;
				PRODUCT_NAME = "$(TARGET_NAME)";
				SWIFT_VERSION = 5.0;
				TARGETED_DEVICE_FAMILY = "1,2";
				TEST_TARGET_NAME = FeedProject;
			};
			name = Release;
		};
/* End XCBuildConfiguration section */

/* Begin XCConfigurationList section */
		D8398FBB22D63ACB00FC8E2C /* Build configuration list for PBXProject "FeedProject" */ = {
			isa = XCConfigurationList;
			buildConfigurations = (
				D8398FE622D63ACC00FC8E2C /* Debug */,
				D8398FE722D63ACC00FC8E2C /* Release */,
			);
			defaultConfigurationIsVisible = 0;
			defaultConfigurationName = Release;
		};
		D8398FE822D63ACC00FC8E2C /* Build configuration list for PBXNativeTarget "FeedProject" */ = {
			isa = XCConfigurationList;
			buildConfigurations = (
				D8398FE922D63ACC00FC8E2C /* Debug */,
				D8398FEA22D63ACC00FC8E2C /* Release */,
			);
			defaultConfigurationIsVisible = 0;
			defaultConfigurationName = Release;
		};
		D8398FEB22D63ACC00FC8E2C /* Build configuration list for PBXNativeTarget "FeedProjectTests" */ = {
			isa = XCConfigurationList;
			buildConfigurations = (
				D8398FEC22D63ACC00FC8E2C /* Debug */,
				D8398FED22D63ACC00FC8E2C /* Release */,
			);
			defaultConfigurationIsVisible = 0;
			defaultConfigurationName = Release;
		};
		D8398FEE22D63ACC00FC8E2C /* Build configuration list for PBXNativeTarget "FeedProjectUITests" */ = {
			isa = XCConfigurationList;
			buildConfigurations = (
				D8398FEF22D63ACC00FC8E2C /* Debug */,
				D8398FF022D63ACC00FC8E2C /* Release */,
			);
			defaultConfigurationIsVisible = 0;
			defaultConfigurationName = Release;
		};
/* End XCConfigurationList section */
	};
	rootObject = D8398FB822D63ACB00FC8E2C /* Project object */;
}
